
Microsoft Visual Studio Solution File, Format Version 12.00
# Visual Studio Version 16
VisualStudioVersion = 16.0.30413.136
MinimumVisualStudioVersion = 10.0.40219.1
Project("{FAE04EC0-301F-11D3-BF4B-00C04F79EFBC}") = "ParcialOscarLandivar", "ParcialOscarLandivar\ParcialOscarLandivar.csproj", "{C8C47640-EAEC-4844-873A-BE22C8FAE7EA}"
EndProject
Project("{FAE04EC0-301F-11D3-BF4B-00C04F79EFBC}") = "UnitTestProject1", "UnitTestProject1\UnitTestProject1.csproj", "{B5B27047-E3BB-419C-BE91-58C6C2D4D33A}"
EndProject
Global
	GlobalSection(SolutionConfigurationPlatforms) = preSolution
		Debug|Any CPU = Debug|Any CPU
		Release|Any CPU = Release|Any CPU
	EndGlobalSection
	GlobalSection(ProjectConfigurationPlatforms) = postSolution
		{C8C47640-EAEC-4844-873A-BE22C8FAE7EA}.Debug|Any CPU.ActiveCfg = Debug|Any CPU
		{C8C47640-EAEC-4844-873A-BE22C8FAE7EA}.Debug|Any CPU.Build.0 = Debug|Any CPU
		{C8C47640-EAEC-4844-873A-BE22C8FAE7EA}.Release|Any CPU.ActiveCfg = Release|Any CPU
		{C8C47640-EAEC-4844-873A-BE22C8FAE7EA}.Release|Any CPU.Build.0 = Release|Any CPU
		{B5B27047-E3BB-419C-BE91-58C6C2D4D33A}.Debug|Any CPU.ActiveCfg = Debug|Any CPU
		{B5B27047-E3BB-419C-BE91-58C6C2D4D33A}.Debug|Any CPU.Build.0 = Debug|Any CPU
		{B5B27047-E3BB-419C-BE91-58C6C2D4D33A}.Release|Any CPU.ActiveCfg = Release|Any CPU
		{B5B27047-E3BB-419C-BE91-58C6C2D4D33A}.Release|Any CPU.Build.0 = Release|Any CPU
	EndGlobalSection
	GlobalSection(SolutionProperties) = preSolution
		HideSolutionNode = FALSE
	EndGlobalSection
	GlobalSection(ExtensibilityGlobals) = postSolution
		SolutionGuid = {E01040FB-7911-4301-AB36-9F08F92106E6}
	EndGlobalSection
EndGlobal
